
Microsoft Visual Studio Solution File, Format Version 12.00
# Visual Studio 2012
Project("{FAE04EC0-301F-11D3-BF4B-00C04F79EFBC}") = "BlueApronSample.Android", "BlueApronSample.Android\BlueApronSample.Android.csproj", "{1F26C2AE-FF40-484C-A93D-06B648DEB124}"
EndProject
Project("{FAE04EC0-301F-11D3-BF4B-00C04F79EFBC}") = "BlueApronSample.iOS", "BlueApronSample.iOS\BlueApronSample.iOS.csproj", "{9B4B2E5E-CC35-48EB-BB20-7D51406B351B}"
EndProject
Project("{D954291E-2A0B-460D-934E-DC6B0785DB48}") = "BlueApronSample", "BlueApronSample\BlueApronSample.shproj", "{741A9780-32CE-40E0-BAA2-1191493946CA}"
EndProject
Global
	GlobalSection(SolutionConfigurationPlatforms) = preSolution
		Debug|Any CPU = Debug|Any CPU
		Release|Any CPU = Release|Any CPU
		Debug|iPhoneSimulator = Debug|iPhoneSimulator
		Release|iPhoneSimulator = Release|iPhoneSimulator
		Debug|iPhone = Debug|iPhone
		Release|iPhone = Release|iPhone
		Ad-Hoc|iPhone = Ad-Hoc|iPhone
		AppStore|iPhone = AppStore|iPhone
	EndGlobalSection
	GlobalSection(ProjectConfigurationPlatforms) = postSolution
		{1F26C2AE-FF40-484C-A93D-06B648DEB124}.Debug|Any CPU.ActiveCfg = Debug|Any CPU
		{1F26C2AE-FF40-484C-A93D-06B648DEB124}.Debug|Any CPU.Build.0 = Debug|Any CPU
		{1F26C2AE-FF40-484C-A93D-06B648DEB124}.Release|Any CPU.ActiveCfg = Release|Any CPU
		{1F26C2AE-FF40-484C-A93D-06B648DEB124}.Release|Any CPU.Build.0 = Release|Any CPU
		{1F26C2AE-FF40-484C-A93D-06B648DEB124}.Debug|iPhoneSimulator.ActiveCfg = Debug|Any CPU
		{1F26C2AE-FF40-484C-A93D-06B648DEB124}.Debug|iPhoneSimulator.Build.0 = Debug|Any CPU
		{1F26C2AE-FF40-484C-A93D-06B648DEB124}.Release|iPhoneSimulator.ActiveCfg = Release|Any CPU
		{1F26C2AE-FF40-484C-A93D-06B648DEB124}.Release|iPhoneSimulator.Build.0 = Release|Any CPU
		{1F26C2AE-FF40-484C-A93D-06B648DEB124}.Debug|iPhone.ActiveCfg = Debug|Any CPU
		{1F26C2AE-FF40-484C-A93D-06B648DEB124}.Debug|iPhone.Build.0 = Debug|Any CPU
		{1F26C2AE-FF40-484C-A93D-06B648DEB124}.Release|iPhone.ActiveCfg = Release|Any CPU
		{1F26C2AE-FF40-484C-A93D-06B648DEB124}.Release|iPhone.Build.0 = Release|Any CPU
		{1F26C2AE-FF40-484C-A93D-06B648DEB124}.Ad-Hoc|iPhone.ActiveCfg = Debug|Any CPU
		{1F26C2AE-FF40-484C-A93D-06B648DEB124}.Ad-Hoc|iPhone.Build.0 = Debug|Any CPU
		{1F26C2AE-FF40-484C-A93D-06B648DEB124}.AppStore|iPhone.ActiveCfg = Debug|Any CPU
		{1F26C2AE-FF40-484C-A93D-06B648DEB124}.AppStore|iPhone.Build.0 = Debug|Any CPU
		{9B4B2E5E-CC35-48EB-BB20-7D51406B351B}.Debug|Any CPU.ActiveCfg = Debug|iPhoneSimulator
		{9B4B2E5E-CC35-48EB-BB20-7D51406B351B}.Debug|Any CPU.Build.0 = Debug|iPhoneSimulator
		{9B4B2E5E-CC35-48EB-BB20-7D51406B351B}.Release|Any CPU.ActiveCfg = Release|iPhoneSimulator
		{9B4B2E5E-CC35-48EB-BB20-7D51406B351B}.Release|Any CPU.Build.0 = Release|iPhoneSimulator
		{9B4B2E5E-CC35-48EB-BB20-7D51406B351B}.Debug|iPhoneSimulator.ActiveCfg = Debug|iPhoneSimulator
		{9B4B2E5E-CC35-48EB-BB20-7D51406B351B}.Debug|iPhoneSimulator.Build.0 = Debug|iPhoneSimulator
		{9B4B2E5E-CC35-48EB-BB20-7D51406B351B}.Release|iPhoneSimulator.ActiveCfg = Release|iPhoneSimulator
		{9B4B2E5E-CC35-48EB-BB20-7D51406B351B}.Release|iPhoneSimulator.Build.0 = Release|iPhoneSimulator
		{9B4B2E5E-CC35-48EB-BB20-7D51406B351B}.Debug|iPhone.ActiveCfg = Debug|iPhone
		{9B4B2E5E-CC35-48EB-BB20-7D51406B351B}.Debug|iPhone.Build.0 = Debug|iPhone
		{9B4B2E5E-CC35-48EB-BB20-7D51406B351B}.Release|iPhone.ActiveCfg = Release|iPhone
		{9B4B2E5E-CC35-48EB-BB20-7D51406B351B}.Release|iPhone.Build.0 = Release|iPhone
		{9B4B2E5E-CC35-48EB-BB20-7D51406B351B}.Ad-Hoc|iPhone.ActiveCfg = Ad-Hoc|iPhone
		{9B4B2E5E-CC35-48EB-BB20-7D51406B351B}.Ad-Hoc|iPhone.Build.0 = Ad-Hoc|iPhone
		{9B4B2E5E-CC35-48EB-BB20-7D51406B351B}.AppStore|iPhone.ActiveCfg = AppStore|iPhone
		{9B4B2E5E-CC35-48EB-BB20-7D51406B351B}.AppStore|iPhone.Build.0 = AppStore|iPhone
	EndGlobalSection
EndGlobal
